// !$*UTF8*$!
{
	archiveVersion = 1;
	classes = {
	};
	objectVersion = 46;
	objects = {

/* Begin PBXBuildFile section */
		0414E08C1713A82A00B7A4C5 /* UIKit.framework in Frameworks */ = {isa = PBXBuildFile; fileRef = 0414E08B1713A82A00B7A4C5 /* UIKit.framework */; };
		0414E08E1713A82A00B7A4C5 /* Foundation.framework in Frameworks */ = {isa = PBXBuildFile; fileRef = 0414E08D1713A82A00B7A4C5 /* Foundation.framework */; };
		0414E0901713A82A00B7A4C5 /* CoreGraphics.framework in Frameworks */ = {isa = PBXBuildFile; fileRef = 0414E08F1713A82A00B7A4C5 /* CoreGraphics.framework */; };
		0414E0961713A82A00B7A4C5 /* InfoPlist.strings in Resources */ = {isa = PBXBuildFile; fileRef = 0414E0941713A82A00B7A4C5 /* InfoPlist.strings */; };
		0414E0981713A82A00B7A4C5 /* main.m in Sources */ = {isa = PBXBuildFile; fileRef = 0414E0971713A82A00B7A4C5 /* main.m */; };
		0414E09C1713A82A00B7A4C5 /* AppDelegate.m in Sources */ = {isa = PBXBuildFile; fileRef = 0414E09B1713A82A00B7A4C5 /* AppDelegate.m */; };
		0414E09E1713A82B00B7A4C5 /* Default.png in Resources */ = {isa = PBXBuildFile; fileRef = 0414E09D1713A82B00B7A4C5 /* Default.png */; };
		0414E0A01713A82B00B7A4C5 /* Default@2x.png in Resources */ = {isa = PBXBuildFile; fileRef = 0414E09F1713A82B00B7A4C5 /* Default@2x.png */; };
		0414E0A21713A82B00B7A4C5 /* Default-568h@2x.png in Resources */ = {isa = PBXBuildFile; fileRef = 0414E0A11713A82B00B7A4C5 /* Default-568h@2x.png */; };
		0414E0A51713A82B00B7A4C5 /* MainViewController.m in Sources */ = {isa = PBXBuildFile; fileRef = 0414E0A41713A82B00B7A4C5 /* MainViewController.m */; };
		0414E0A81713A82B00B7A4C5 /* FlipsideViewController.m in Sources */ = {isa = PBXBuildFile; fileRef = 0414E0A71713A82B00B7A4C5 /* FlipsideViewController.m */; };
		0414E0AB1713A82B00B7A4C5 /* MainViewController.xib in Resources */ = {isa = PBXBuildFile; fileRef = 0414E0A91713A82B00B7A4C5 /* MainViewController.xib */; };
		0414E0AE1713A82B00B7A4C5 /* FlipsideViewController.xib in Resources */ = {isa = PBXBuildFile; fileRef = 0414E0AC1713A82B00B7A4C5 /* FlipsideViewController.xib */; };
		0414E0D11713A9E100B7A4C5 /* NSData+Category.m in Sources */ = {isa = PBXBuildFile; fileRef = 0414E0BA1713A9E100B7A4C5 /* NSData+Category.m */; };
		0414E0D21713A9E100B7A4C5 /* NSDate+Category.m in Sources */ = {isa = PBXBuildFile; fileRef = 0414E0BC1713A9E100B7A4C5 /* NSDate+Category.m */; };
		0414E0D31713A9E100B7A4C5 /* NSDictionary+Category.m in Sources */ = {isa = PBXBuildFile; fileRef = 0414E0BE1713A9E100B7A4C5 /* NSDictionary+Category.m */; };
		0414E0D41713A9E100B7A4C5 /* NSObject+Category.m in Sources */ = {isa = PBXBuildFile; fileRef = 0414E0C01713A9E100B7A4C5 /* NSObject+Category.m */; };
		0414E0D51713A9E100B7A4C5 /* NSString+Category.m in Sources */ = {isa = PBXBuildFile; fileRef = 0414E0C21713A9E100B7A4C5 /* NSString+Category.m */; };
		0414E0D61713A9E100B7A4C5 /* NSURL+Category.m in Sources */ = {isa = PBXBuildFile; fileRef = 0414E0C41713A9E100B7A4C5 /* NSURL+Category.m */; settings = {COMPILER_FLAGS = "-fno-objc-arc"; }; };
		0414E0D71713A9E100B7A4C5 /* UIColor+Category.m in Sources */ = {isa = PBXBuildFile; fileRef = 0414E0C61713A9E100B7A4C5 /* UIColor+Category.m */; };
		0414E0D81713A9E100B7A4C5 /* UIImage+Category.m in Sources */ = {isa = PBXBuildFile; fileRef = 0414E0C81713A9E100B7A4C5 /* UIImage+Category.m */; };
		0414E0D91713A9E100B7A4C5 /* UIImageView+Category.m in Sources */ = {isa = PBXBuildFile; fileRef = 0414E0CA1713A9E100B7A4C5 /* UIImageView+Category.m */; };
		0414E0DA1713A9E100B7A4C5 /* UIView+InnerShadow.m in Sources */ = {isa = PBXBuildFile; fileRef = 0414E0CC1713A9E100B7A4C5 /* UIView+InnerShadow.m */; };
		0414E0DB1713A9E100B7A4C5 /* UIView+Positioning.m in Sources */ = {isa = PBXBuildFile; fileRef = 0414E0CE1713A9E100B7A4C5 /* UIView+Positioning.m */; };
		0414E0DC1713A9E100B7A4C5 /* UIView+Size.m in Sources */ = {isa = PBXBuildFile; fileRef = 0414E0D01713A9E100B7A4C5 /* UIView+Size.m */; };
		0414E0E81713ADDC00B7A4C5 /* GTMBase64.m in Sources */ = {isa = PBXBuildFile; fileRef = 0414E0E61713ADDC00B7A4C5 /* GTMBase64.m */; };
		0414E0EF1713ADF800B7A4C5 /* NSString+Html.m in Sources */ = {isa = PBXBuildFile; fileRef = 0414E0EB1713ADF800B7A4C5 /* NSString+Html.m */; };
		0414E0F11713ADF800B7A4C5 /* RegexKitLite.m in Sources */ = {isa = PBXBuildFile; fileRef = 0414E0EE1713ADF800B7A4C5 /* RegexKitLite.m */; settings = {COMPILER_FLAGS = "-fno-objc-arc"; }; };
		0414E0FC1713BC6200B7A4C5 /* libicucore.dylib in Frameworks */ = {isa = PBXBuildFile; fileRef = 0414E0FB1713BC6200B7A4C5 /* libicucore.dylib */; };
		042F296D17151E1100232870 /* CommonDef.m in Sources */ = {isa = PBXBuildFile; fileRef = 042F296C17151E1100232870 /* CommonDef.m */; };
		04792C51171E3FC80011FCB8 /* CALayer+HLSExtensions.m in Sources */ = {isa = PBXBuildFile; fileRef = 04792C0C171E3FC70011FCB8 /* CALayer+HLSExtensions.m */; settings = {COMPILER_FLAGS = "-fno-objc-arc"; }; };
		04792C52171E3FC80011FCB8 /* CAMediaTimingFunction+HLSExtensions.m in Sources */ = {isa = PBXBuildFile; fileRef = 04792C0E171E3FC70011FCB8 /* CAMediaTimingFunction+HLSExtensions.m */; settings = {COMPILER_FLAGS = "-fno-objc-arc"; }; };
		04792C53171E3FC80011FCB8 /* HLSApplicationPreloader.m in Sources */ = {isa = PBXBuildFile; fileRef = 04792C10171E3FC70011FCB8 /* HLSApplicationPreloader.m */; settings = {COMPILER_FLAGS = "-fno-objc-arc"; }; };
		04792C54171E3FC80011FCB8 /* HLSAssert.m in Sources */ = {isa = PBXBuildFile; fileRef = 04792C12171E3FC70011FCB8 /* HLSAssert.m */; settings = {COMPILER_FLAGS = "-fno-objc-arc"; }; };
		04792C55171E3FC80011FCB8 /* HLSConverters.m in Sources */ = {isa = PBXBuildFile; fileRef = 04792C14171E3FC70011FCB8 /* HLSConverters.m */; settings = {COMPILER_FLAGS = "-fno-objc-arc"; }; };
		04792C56171E3FC80011FCB8 /* HLSError.m in Sources */ = {isa = PBXBuildFile; fileRef = 04792C16171E3FC70011FCB8 /* HLSError.m */; settings = {COMPILER_FLAGS = "-fno-objc-arc"; }; };
		04792C57171E3FC80011FCB8 /* HLSFileManager.m in Sources */ = {isa = PBXBuildFile; fileRef = 04792C18171E3FC70011FCB8 /* HLSFileManager.m */; settings = {COMPILER_FLAGS = "-fno-objc-arc"; }; };
		04792C58171E3FC80011FCB8 /* HLSFloat.m in Sources */ = {isa = PBXBuildFile; fileRef = 04792C1A171E3FC70011FCB8 /* HLSFloat.m */; settings = {COMPILER_FLAGS = "-fno-objc-arc"; }; };
		04792C59171E3FC80011FCB8 /* HLSKeyboardInformation.m in Sources */ = {isa = PBXBuildFile; fileRef = 04792C1C171E3FC70011FCB8 /* HLSKeyboardInformation.m */; settings = {COMPILER_FLAGS = "-fno-objc-arc"; }; };
		04792C5A171E3FC80011FCB8 /* HLSNotifications.m in Sources */ = {isa = PBXBuildFile; fileRef = 04792C1E171E3FC70011FCB8 /* HLSNotifications.m */; settings = {COMPILER_FLAGS = "-fno-objc-arc"; }; };
		04792C5B171E3FC80011FCB8 /* HLSRuntime.m in Sources */ = {isa = PBXBuildFile; fileRef = 04792C21171E3FC70011FCB8 /* HLSRuntime.m */; settings = {COMPILER_FLAGS = "-fno-objc-arc"; }; };
		04792C5C171E3FC80011FCB8 /* HLSStandardFileManager.m in Sources */ = {isa = PBXBuildFile; fileRef = 04792C23171E3FC70011FCB8 /* HLSStandardFileManager.m */; settings = {COMPILER_FLAGS = "-fno-objc-arc"; }; };
		04792C5D171E3FC80011FCB8 /* HLSUserInterfaceLock.m in Sources */ = {isa = PBXBuildFile; fileRef = 04792C25171E3FC70011FCB8 /* HLSUserInterfaceLock.m */; settings = {COMPILER_FLAGS = "-fno-objc-arc"; }; };
		04792C5E171E3FC80011FCB8 /* HLSValidators.m in Sources */ = {isa = PBXBuildFile; fileRef = 04792C28171E3FC70011FCB8 /* HLSValidators.m */; settings = {COMPILER_FLAGS = "-fno-objc-arc"; }; };
		04792C5F171E3FC80011FCB8 /* HLSVector.m in Sources */ = {isa = PBXBuildFile; fileRef = 04792C2A171E3FC70011FCB8 /* HLSVector.m */; settings = {COMPILER_FLAGS = "-fno-objc-arc"; }; };
		04792C60171E3FC80011FCB8 /* HLSZeroingWeakRef.m in Sources */ = {isa = PBXBuildFile; fileRef = 04792C2C171E3FC80011FCB8 /* HLSZeroingWeakRef.m */; settings = {COMPILER_FLAGS = "-fno-objc-arc"; }; };
		04792C61171E3FC80011FCB8 /* NSArray+HLSExtensions.m in Sources */ = {isa = PBXBuildFile; fileRef = 04792C2E171E3FC80011FCB8 /* NSArray+HLSExtensions.m */; settings = {COMPILER_FLAGS = "-fno-objc-arc"; }; };
		04792C62171E3FC80011FCB8 /* NSBundle+HLSDynamicLocalization.m in Sources */ = {isa = PBXBuildFile; fileRef = 04792C30171E3FC80011FCB8 /* NSBundle+HLSDynamicLocalization.m */; settings = {COMPILER_FLAGS = "-fno-objc-arc"; }; };
		04792C63171E3FC80011FCB8 /* NSBundle+HLSExtensions.m in Sources */ = {isa = PBXBuildFile; fileRef = 04792C32171E3FC80011FCB8 /* NSBundle+HLSExtensions.m */; settings = {COMPILER_FLAGS = "-fno-objc-arc"; }; };
		04792C64171E3FC80011FCB8 /* NSCalendar+HLSExtensions.m in Sources */ = {isa = PBXBuildFile; fileRef = 04792C34171E3FC80011FCB8 /* NSCalendar+HLSExtensions.m */; settings = {COMPILER_FLAGS = "-fno-objc-arc"; }; };
		04792C65171E3FC80011FCB8 /* NSData+HLSExtensions.m in Sources */ = {isa = PBXBuildFile; fileRef = 04792C36171E3FC80011FCB8 /* NSData+HLSExtensions.m */; settings = {COMPILER_FLAGS = "-fno-objc-arc"; }; };
		04792C66171E3FC80011FCB8 /* NSDate+HLSExtensions.m in Sources */ = {isa = PBXBuildFile; fileRef = 04792C38171E3FC80011FCB8 /* NSDate+HLSExtensions.m */; settings = {COMPILER_FLAGS = "-fno-objc-arc"; }; };
		04792C67171E3FC80011FCB8 /* NSDateFormatter+HLSExtensions.m in Sources */ = {isa = PBXBuildFile; fileRef = 04792C3A171E3FC80011FCB8 /* NSDateFormatter+HLSExtensions.m */; settings = {COMPILER_FLAGS = "-fno-objc-arc"; }; };
		04792C68171E3FC80011FCB8 /* NSDictionary+HLSExtensions.m in Sources */ = {isa = PBXBuildFile; fileRef = 04792C3C171E3FC80011FCB8 /* NSDictionary+HLSExtensions.m */; settings = {COMPILER_FLAGS = "-fno-objc-arc"; }; };
		04792C69171E3FC80011FCB8 /* NSError+HLSExtensions.m in Sources */ = {isa = PBXBuildFile; fileRef = 04792C3E171E3FC80011FCB8 /* NSError+HLSExtensions.m */; settings = {COMPILER_FLAGS = "-fno-objc-arc"; }; };
		04792C6A171E3FC80011FCB8 /* NSMutableArray+HLSExtensions.m in Sources */ = {isa = PBXBuildFile; fileRef = 04792C40171E3FC80011FCB8 /* NSMutableArray+HLSExtensions.m */; settings = {COMPILER_FLAGS = "-fno-objc-arc"; }; };
		04792C6B171E3FC80011FCB8 /* NSObject+HLSExtensions.m in Sources */ = {isa = PBXBuildFile; fileRef = 04792C42171E3FC80011FCB8 /* NSObject+HLSExtensions.m */; settings = {COMPILER_FLAGS = "-fno-objc-arc"; }; };
		04792C6C171E3FC80011FCB8 /* NSSet+HLSExtensions.m in Sources */ = {isa = PBXBuildFile; fileRef = 04792C44171E3FC80011FCB8 /* NSSet+HLSExtensions.m */; settings = {COMPILER_FLAGS = "-fno-objc-arc"; }; };
		04792C6D171E3FC80011FCB8 /* NSString+HLSExtensions.m in Sources */ = {isa = PBXBuildFile; fileRef = 04792C46171E3FC80011FCB8 /* NSString+HLSExtensions.m */; settings = {COMPILER_FLAGS = "-fno-objc-arc"; }; };
		04792C6E171E3FC80011FCB8 /* NSTimeZone+HLSExtensions.m in Sources */ = {isa = PBXBuildFile; fileRef = 04792C48171E3FC80011FCB8 /* NSTimeZone+HLSExtensions.m */; settings = {COMPILER_FLAGS = "-fno-objc-arc"; }; };
		04792C6F171E3FC80011FCB8 /* NSURLRequest+HLSExtensions.m in Sources */ = {isa = PBXBuildFile; fileRef = 04792C4A171E3FC80011FCB8 /* NSURLRequest+HLSExtensions.m */; settings = {COMPILER_FLAGS = "-fno-objc-arc"; }; };
		04792C70171E3FC80011FCB8 /* UIColor+HLSExtensions.m in Sources */ = {isa = PBXBuildFile; fileRef = 04792C4C171E3FC80011FCB8 /* UIColor+HLSExtensions.m */; settings = {COMPILER_FLAGS = "-fno-objc-arc"; }; };
		04792C71171E3FC80011FCB8 /* UIControl+HLSExclusiveTouch.m in Sources */ = {isa = PBXBuildFile; fileRef = 04792C4E171E3FC80011FCB8 /* UIControl+HLSExclusiveTouch.m */; settings = {COMPILER_FLAGS = "-fno-objc-arc"; }; };
		04792C72171E3FC80011FCB8 /* UIImage+HLSExtensions.m in Sources */ = {isa = PBXBuildFile; fileRef = 04792C50171E3FC80011FCB8 /* UIImage+HLSExtensions.m */; settings = {COMPILER_FLAGS = "-fno-objc-arc"; }; };
		04792C73171E3FD70011FCB8 /* HLSLogger.m in Sources */ = {isa = PBXBuildFile; fileRef = 045FE2C9171E39180036EFE2 /* HLSLogger.m */; settings = {COMPILER_FLAGS = "-fno-objc-arc"; }; };
		04792C75171E40460011FCB8 /* QuartzCore.framework in Frameworks */ = {isa = PBXBuildFile; fileRef = 04792C74171E40460011FCB8 /* QuartzCore.framework */; };
		048459501740951600652339 /* ImageIO.framework in Frameworks */ = {isa = PBXBuildFile; fileRef = 0484594F1740951600652339 /* ImageIO.framework */; };
		04929115185ED77C00361472 /* Accelerate.framework in Frameworks */ = {isa = PBXBuildFile; fileRef = 04929114185ED77C00361472 /* Accelerate.framework */; };
/* End PBXBuildFile section */

/* Begin PBXFileReference section */
		0414E0871713A82A00B7A4C5 /* CategoryDemo.app */ = {isa = PBXFileReference; explicitFileType = wrapper.application; includeInIndex = 0; path = CategoryDemo.app; sourceTree = BUILT_PRODUCTS_DIR; };
		0414E08B1713A82A00B7A4C5 /* UIKit.framework */ = {isa = PBXFileReference; lastKnownFileType = wrapper.framework; name = UIKit.framework; path = System/Library/Frameworks/UIKit.framework; sourceTree = SDKROOT; };
		0414E08D1713A82A00B7A4C5 /* Foundation.framework */ = {isa = PBXFileReference; lastKnownFileType = wrapper.framework; name = Foundation.framework; path = System/Library/Frameworks/Foundation.framework; sourceTree = SDKROOT; };
		0414E08F1713A82A00B7A4C5 /* CoreGraphics.framework */ = {isa = PBXFileReference; lastKnownFileType = wrapper.framework; name = CoreGraphics.framework; path = System/Library/Frameworks/CoreGraphics.framework; sourceTree = SDKROOT; };
		0414E0931713A82A00B7A4C5 /* CategoryDemo-Info.plist */ = {isa = PBXFileReference; lastKnownFileType = text.plist.xml; path = "CategoryDemo-Info.plist"; sourceTree = "<group>"; };
		0414E0951713A82A00B7A4C5 /* en */ = {isa = PBXFileReference; lastKnownFileType = text.plist.strings; name = en; path = en.lproj/InfoPlist.strings; sourceTree = "<group>"; };
		0414E0971713A82A00B7A4C5 /* main.m */ = {isa = PBXFileReference; lastKnownFileType = sourcecode.c.objc; path = main.m; sourceTree = "<group>"; };
		0414E0991713A82A00B7A4C5 /* CategoryDemo-Prefix.pch */ = {isa = PBXFileReference; lastKnownFileType = sourcecode.c.h; path = "CategoryDemo-Prefix.pch"; sourceTree = "<group>"; };
		0414E09A1713A82A00B7A4C5 /* AppDelegate.h */ = {isa = PBXFileReference; lastKnownFileType = sourcecode.c.h; path = AppDelegate.h; sourceTree = "<group>"; };
		0414E09B1713A82A00B7A4C5 /* AppDelegate.m */ = {isa = PBXFileReference; lastKnownFileType = sourcecode.c.objc; path = AppDelegate.m; sourceTree = "<group>"; };
		0414E09D1713A82B00B7A4C5 /* Default.png */ = {isa = PBXFileReference; lastKnownFileType = image.png; path = Default.png; sourceTree = "<group>"; };
		0414E09F1713A82B00B7A4C5 /* Default@2x.png */ = {isa = PBXFileReference; lastKnownFileType = image.png; path = "Default@2x.png"; sourceTree = "<group>"; };
		0414E0A11713A82B00B7A4C5 /* Default-568h@2x.png */ = {isa = PBXFileReference; lastKnownFileType = image.png; path = "Default-568h@2x.png"; sourceTree = "<group>"; };
		0414E0A31713A82B00B7A4C5 /* MainViewController.h */ = {isa = PBXFileReference; lastKnownFileType = sourcecode.c.h; path = MainViewController.h; sourceTree = "<group>"; };
		0414E0A41713A82B00B7A4C5 /* MainViewController.m */ = {isa = PBXFileReference; lastKnownFileType = sourcecode.c.objc; path = MainViewController.m; sourceTree = "<group>"; };
		0414E0A61713A82B00B7A4C5 /* FlipsideViewController.h */ = {isa = PBXFileReference; lastKnownFileType = sourcecode.c.h; path = FlipsideViewController.h; sourceTree = "<group>"; };
		0414E0A71713A82B00B7A4C5 /* FlipsideViewController.m */ = {isa = PBXFileReference; lastKnownFileType = sourcecode.c.objc; path = FlipsideViewController.m; sourceTree = "<group>"; };
		0414E0AA1713A82B00B7A4C5 /* en */ = {isa = PBXFileReference; lastKnownFileType = file.xib; name = en; path = en.lproj/MainViewController.xib; sourceTree = "<group>"; };
		0414E0AD1713A82B00B7A4C5 /* en */ = {isa = PBXFileReference; lastKnownFileType = file.xib; name = en; path = en.lproj/FlipsideViewController.xib; sourceTree = "<group>"; };
		0414E0B91713A9E100B7A4C5 /* NSData+Category.h */ = {isa = PBXFileReference; fileEncoding = 4; lastKnownFileType = sourcecode.c.h; path = "NSData+Category.h"; sourceTree = "<group>"; };
		0414E0BA1713A9E100B7A4C5 /* NSData+Category.m */ = {isa = PBXFileReference; fileEncoding = 4; lastKnownFileType = sourcecode.c.objc; path = "NSData+Category.m"; sourceTree = "<group>"; };
		0414E0BB1713A9E100B7A4C5 /* NSDate+Category.h */ = {isa = PBXFileReference; fileEncoding = 4; lastKnownFileType = sourcecode.c.h; path = "NSDate+Category.h"; sourceTree = "<group>"; };
		0414E0BC1713A9E100B7A4C5 /* NSDate+Category.m */ = {isa = PBXFileReference; fileEncoding = 4; lastKnownFileType = sourcecode.c.objc; path = "NSDate+Category.m"; sourceTree = "<group>"; };
		0414E0BD1713A9E100B7A4C5 /* NSDictionary+Category.h */ = {isa = PBXFileReference; fileEncoding = 4; lastKnownFileType = sourcecode.c.h; path = "NSDictionary+Category.h"; sourceTree = "<group>"; };
		0414E0BE1713A9E100B7A4C5 /* NSDictionary+Category.m */ = {isa = PBXFileReference; fileEncoding = 4; lastKnownFileType = sourcecode.c.objc; path = "NSDictionary+Category.m"; sourceTree = "<group>"; };
		0414E0BF1713A9E100B7A4C5 /* NSObject+Category.h */ = {isa = PBXFileReference; fileEncoding = 4; lastKnownFileType = sourcecode.c.h; path = "NSObject+Category.h"; sourceTree = "<group>"; };
		0414E0C01713A9E100B7A4C5 /* NSObject+Category.m */ = {isa = PBXFileReference; fileEncoding = 4; lastKnownFileType = sourcecode.c.objc; path = "NSObject+Category.m"; sourceTree = "<group>"; };
		0414E0C11713A9E100B7A4C5 /* NSString+Category.h */ = {isa = PBXFileReference; fileEncoding = 4; lastKnownFileType = sourcecode.c.h; path = "NSString+Category.h"; sourceTree = "<group>"; };
		0414E0C21713A9E100B7A4C5 /* NSString+Category.m */ = {isa = PBXFileReference; fileEncoding = 4; lastKnownFileType = sourcecode.c.objc; path = "NSString+Category.m"; sourceTree = "<group>"; };
		0414E0C31713A9E100B7A4C5 /* NSURL+Category.h */ = {isa = PBXFileReference; fileEncoding = 4; lastKnownFileType = sourcecode.c.h; path = "NSURL+Category.h"; sourceTree = "<group>"; };
		0414E0C41713A9E100B7A4C5 /* NSURL+Category.m */ = {isa = PBXFileReference; fileEncoding = 4; lastKnownFileType = sourcecode.c.objc; path = "NSURL+Category.m"; sourceTree = "<group>"; };
		0414E0C51713A9E100B7A4C5 /* UIColor+Category.h */ = {isa = PBXFileReference; fileEncoding = 4; lastKnownFileType = sourcecode.c.h; path = "UIColor+Category.h"; sourceTree = "<group>"; };
		0414E0C61713A9E100B7A4C5 /* UIColor+Category.m */ = {isa = PBXFileReference; fileEncoding = 4; lastKnownFileType = sourcecode.c.objc; path = "UIColor+Category.m"; sourceTree = "<group>"; };
		0414E0C71713A9E100B7A4C5 /* UIImage+Category.h */ = {isa = PBXFileReference; fileEncoding = 4; lastKnownFileType = sourcecode.c.h; path = "UIImage+Category.h"; sourceTree = "<group>"; };
		0414E0C81713A9E100B7A4C5 /* UIImage+Category.m */ = {isa = PBXFileReference; fileEncoding = 4; lastKnownFileType = sourcecode.c.objc; path = "UIImage+Category.m"; sourceTree = "<group>"; };
		0414E0C91713A9E100B7A4C5 /* UIImageView+Category.h */ = {isa = PBXFileReference; fileEncoding = 4; lastKnownFileType = sourcecode.c.h; path = "UIImageView+Category.h"; sourceTree = "<group>"; };
		0414E0CA1713A9E100B7A4C5 /* UIImageView+Category.m */ = {isa = PBXFileReference; fileEncoding = 4; lastKnownFileType = sourcecode.c.objc; path = "UIImageView+Category.m"; sourceTree = "<group>"; };
		0414E0CB1713A9E100B7A4C5 /* UIView+InnerShadow.h */ = {isa = PBXFileReference; fileEncoding = 4; lastKnownFileType = sourcecode.c.h; path = "UIView+InnerShadow.h"; sourceTree = "<group>"; };
		0414E0CC1713A9E100B7A4C5 /* UIView+InnerShadow.m */ = {isa = PBXFileReference; fileEncoding = 4; lastKnownFileType = sourcecode.c.objc; path = "UIView+InnerShadow.m"; sourceTree = "<group>"; };
		0414E0CD1713A9E100B7A4C5 /* UIView+Positioning.h */ = {isa = PBXFileReference; fileEncoding = 4; lastKnownFileType = sourcecode.c.h; path = "UIView+Positioning.h"; sourceTree = "<group>"; };
		0414E0CE1713A9E100B7A4C5 /* UIView+Positioning.m */ = {isa = PBXFileReference; fileEncoding = 4; lastKnownFileType = sourcecode.c.objc; path = "UIView+Positioning.m"; sourceTree = "<group>"; };
		0414E0CF1713A9E100B7A4C5 /* UIView+Size.h */ = {isa = PBXFileReference; fileEncoding = 4; lastKnownFileType = sourcecode.c.h; path = "UIView+Size.h"; sourceTree = "<group>"; };
		0414E0D01713A9E100B7A4C5 /* UIView+Size.m */ = {isa = PBXFileReference; fileEncoding = 4; lastKnownFileType = sourcecode.c.objc; path = "UIView+Size.m"; sourceTree = "<group>"; };
		0414E0DE1713AB5500B7A4C5 /* ARCHelper.h */ = {isa = PBXFileReference; lastKnownFileType = sourcecode.c.h; path = ARCHelper.h; sourceTree = "<group>"; };
		0414E0E51713ADDC00B7A4C5 /* GTMBase64.h */ = {isa = PBXFileReference; fileEncoding = 4; lastKnownFileType = sourcecode.c.h; path = GTMBase64.h; sourceTree = "<group>"; };
		0414E0E61713ADDC00B7A4C5 /* GTMBase64.m */ = {isa = PBXFileReference; fileEncoding = 4; lastKnownFileType = sourcecode.c.objc; path = GTMBase64.m; sourceTree = "<group>"; };
		0414E0E71713ADDC00B7A4C5 /* GTMDefines.h */ = {isa = PBXFileReference; fileEncoding = 4; lastKnownFileType = sourcecode.c.h; path = GTMDefines.h; sourceTree = "<group>"; };
		0414E0EA1713ADF800B7A4C5 /* NSString+Html.h */ = {isa = PBXFileReference; fileEncoding = 4; lastKnownFileType = sourcecode.c.h; path = "NSString+Html.h"; sourceTree = "<group>"; };
		0414E0EB1713ADF800B7A4C5 /* NSString+Html.m */ = {isa = PBXFileReference; fileEncoding = 4; lastKnownFileType = sourcecode.c.objc; path = "NSString+Html.m"; sourceTree = "<group>"; };
		0414E0EC1713ADF800B7A4C5 /* RegexKitLite-4.0.pdf */ = {isa = PBXFileReference; lastKnownFileType = image.pdf; path = "RegexKitLite-4.0.pdf"; sourceTree = "<group>"; };
		0414E0ED1713ADF800B7A4C5 /* RegexKitLite.h */ = {isa = PBXFileReference; fileEncoding = 4; lastKnownFileType = sourcecode.c.h; path = RegexKitLite.h; sourceTree = "<group>"; };
		0414E0EE1713ADF800B7A4C5 /* RegexKitLite.m */ = {isa = PBXFileReference; fileEncoding = 4; lastKnownFileType = sourcecode.c.objc; path = RegexKitLite.m; sourceTree = "<group>"; };
		0414E0FB1713BC6200B7A4C5 /* libicucore.dylib */ = {isa = PBXFileReference; lastKnownFileType = "compiled.mach-o.dylib"; name = libicucore.dylib; path = usr/lib/libicucore.dylib; sourceTree = SDKROOT; };
		042F296B17151E1100232870 /* CommonDef.h */ = {isa = PBXFileReference; fileEncoding = 4; lastKnownFileType = sourcecode.c.h; path = CommonDef.h; sourceTree = "<group>"; };
		042F296C17151E1100232870 /* CommonDef.m */ = {isa = PBXFileReference; fileEncoding = 4; lastKnownFileType = sourcecode.c.objc; path = CommonDef.m; sourceTree = "<group>"; };
		045FE25C171E38080036EFE2 /* README.md */ = {isa = PBXFileReference; lastKnownFileType = text; name = README.md; path = ../CoconutKit/README.md; sourceTree = "<group>"; };
		045FE2C8171E39180036EFE2 /* HLSLogger.h */ = {isa = PBXFileReference; fileEncoding = 4; lastKnownFileType = sourcecode.c.h; path = HLSLogger.h; sourceTree = "<group>"; };
		045FE2C9171E39180036EFE2 /* HLSLogger.m */ = {isa = PBXFileReference; fileEncoding = 4; lastKnownFileType = sourcecode.c.objc; path = HLSLogger.m; sourceTree = "<group>"; };
		04792C0B171E3FC70011FCB8 /* CALayer+HLSExtensions.h */ = {isa = PBXFileReference; fileEncoding = 4; lastKnownFileType = sourcecode.c.h; path = "CALayer+HLSExtensions.h"; sourceTree = "<group>"; };
		04792C0C171E3FC70011FCB8 /* CALayer+HLSExtensions.m */ = {isa = PBXFileReference; fileEncoding = 4; lastKnownFileType = sourcecode.c.objc; path = "CALayer+HLSExtensions.m"; sourceTree = "<group>"; };
		04792C0D171E3FC70011FCB8 /* CAMediaTimingFunction+HLSExtensions.h */ = {isa = PBXFileReference; fileEncoding = 4; lastKnownFileType = sourcecode.c.h; path = "CAMediaTimingFunction+HLSExtensions.h"; sourceTree = "<group>"; };
		04792C0E171E3FC70011FCB8 /* CAMediaTimingFunction+HLSExtensions.m */ = {isa = PBXFileReference; fileEncoding = 4; lastKnownFileType = sourcecode.c.objc; path = "CAMediaTimingFunction+HLSExtensions.m"; sourceTree = "<group>"; };
		04792C0F171E3FC70011FCB8 /* HLSApplicationPreloader.h */ = {isa = PBXFileReference; fileEncoding = 4; lastKnownFileType = sourcecode.c.h; path = HLSApplicationPreloader.h; sourceTree = "<group>"; };
		04792C10171E3FC70011FCB8 /* HLSApplicationPreloader.m */ = {isa = PBXFileReference; fileEncoding = 4; lastKnownFileType = sourcecode.c.objc; path = HLSApplicationPreloader.m; sourceTree = "<group>"; };
		04792C11171E3FC70011FCB8 /* HLSAssert.h */ = {isa = PBXFileReference; fileEncoding = 4; lastKnownFileType = sourcecode.c.h; path = HLSAssert.h; sourceTree = "<group>"; };
		04792C12171E3FC70011FCB8 /* HLSAssert.m */ = {isa = PBXFileReference; fileEncoding = 4; lastKnownFileType = sourcecode.c.objc; path = HLSAssert.m; sourceTree = "<group>"; };
		04792C13171E3FC70011FCB8 /* HLSConverters.h */ = {isa = PBXFileReference; fileEncoding = 4; lastKnownFileType = sourcecode.c.h; path = HLSConverters.h; sourceTree = "<group>"; };
		04792C14171E3FC70011FCB8 /* HLSConverters.m */ = {isa = PBXFileReference; fileEncoding = 4; lastKnownFileType = sourcecode.c.objc; path = HLSConverters.m; sourceTree = "<group>"; };
		04792C15171E3FC70011FCB8 /* HLSError.h */ = {isa = PBXFileReference; fileEncoding = 4; lastKnownFileType = sourcecode.c.h; path = HLSError.h; sourceTree = "<group>"; };
		04792C16171E3FC70011FCB8 /* HLSError.m */ = {isa = PBXFileReference; fileEncoding = 4; lastKnownFileType = sourcecode.c.objc; path = HLSError.m; sourceTree = "<group>"; };
		04792C17171E3FC70011FCB8 /* HLSFileManager.h */ = {isa = PBXFileReference; fileEncoding = 4; lastKnownFileType = sourcecode.c.h; path = HLSFileManager.h; sourceTree = "<group>"; };
		04792C18171E3FC70011FCB8 /* HLSFileManager.m */ = {isa = PBXFileReference; fileEncoding = 4; lastKnownFileType = sourcecode.c.objc; path = HLSFileManager.m; sourceTree = "<group>"; };
		04792C19171E3FC70011FCB8 /* HLSFloat.h */ = {isa = PBXFileReference; fileEncoding = 4; lastKnownFileType = sourcecode.c.h; path = HLSFloat.h; sourceTree = "<group>"; };
		04792C1A171E3FC70011FCB8 /* HLSFloat.m */ = {isa = PBXFileReference; fileEncoding = 4; lastKnownFileType = sourcecode.c.objc; path = HLSFloat.m; sourceTree = "<group>"; };
		04792C1B171E3FC70011FCB8 /* HLSKeyboardInformation.h */ = {isa = PBXFileReference; fileEncoding = 4; lastKnownFileType = sourcecode.c.h; path = HLSKeyboardInformation.h; sourceTree = "<group>"; };
		04792C1C171E3FC70011FCB8 /* HLSKeyboardInformation.m */ = {isa = PBXFileReference; fileEncoding = 4; lastKnownFileType = sourcecode.c.objc; path = HLSKeyboardInformation.m; sourceTree = "<group>"; };
		04792C1D171E3FC70011FCB8 /* HLSNotifications.h */ = {isa = PBXFileReference; fileEncoding = 4; lastKnownFileType = sourcecode.c.h; path = HLSNotifications.h; sourceTree = "<group>"; };
		04792C1E171E3FC70011FCB8 /* HLSNotifications.m */ = {isa = PBXFileReference; fileEncoding = 4; lastKnownFileType = sourcecode.c.objc; path = HLSNotifications.m; sourceTree = "<group>"; };
		04792C1F171E3FC70011FCB8 /* HLSOptionalFeatures.h */ = {isa = PBXFileReference; fileEncoding = 4; lastKnownFileType = sourcecode.c.h; path = HLSOptionalFeatures.h; sourceTree = "<group>"; };
		04792C20171E3FC70011FCB8 /* HLSRuntime.h */ = {isa = PBXFileReference; fileEncoding = 4; lastKnownFileType = sourcecode.c.h; path = HLSRuntime.h; sourceTree = "<group>"; };
		04792C21171E3FC70011FCB8 /* HLSRuntime.m */ = {isa = PBXFileReference; fileEncoding = 4; lastKnownFileType = sourcecode.c.objc; path = HLSRuntime.m; sourceTree = "<group>"; };
		04792C22171E3FC70011FCB8 /* HLSStandardFileManager.h */ = {isa = PBXFileReference; fileEncoding = 4; lastKnownFileType = sourcecode.c.h; path = HLSStandardFileManager.h; sourceTree = "<group>"; };
		04792C23171E3FC70011FCB8 /* HLSStandardFileManager.m */ = {isa = PBXFileReference; fileEncoding = 4; lastKnownFileType = sourcecode.c.objc; path = HLSStandardFileManager.m; sourceTree = "<group>"; };
		04792C24171E3FC70011FCB8 /* HLSUserInterfaceLock.h */ = {isa = PBXFileReference; fileEncoding = 4; lastKnownFileType = sourcecode.c.h; path = HLSUserInterfaceLock.h; sourceTree = "<group>"; };
		04792C25171E3FC70011FCB8 /* HLSUserInterfaceLock.m */ = {isa = PBXFileReference; fileEncoding = 4; lastKnownFileType = sourcecode.c.objc; path = HLSUserInterfaceLock.m; sourceTree = "<group>"; };
		04792C26171E3FC70011FCB8 /* HLSValidable.h */ = {isa = PBXFileReference; fileEncoding = 4; lastKnownFileType = sourcecode.c.h; path = HLSValidable.h; sourceTree = "<group>"; };
		04792C27171E3FC70011FCB8 /* HLSValidators.h */ = {isa = PBXFileReference; fileEncoding = 4; lastKnownFileType = sourcecode.c.h; path = HLSValidators.h; sourceTree = "<group>"; };
		04792C28171E3FC70011FCB8 /* HLSValidators.m */ = {isa = PBXFileReference; fileEncoding = 4; lastKnownFileType = sourcecode.c.objc; path = HLSValidators.m; sourceTree = "<group>"; };
		04792C29171E3FC70011FCB8 /* HLSVector.h */ = {isa = PBXFileReference; fileEncoding = 4; lastKnownFileType = sourcecode.c.h; path = HLSVector.h; sourceTree = "<group>"; };
		04792C2A171E3FC70011FCB8 /* HLSVector.m */ = {isa = PBXFileReference; fileEncoding = 4; lastKnownFileType = sourcecode.c.objc; path = HLSVector.m; sourceTree = "<group>"; };
		04792C2B171E3FC80011FCB8 /* HLSZeroingWeakRef.h */ = {isa = PBXFileReference; fileEncoding = 4; lastKnownFileType = sourcecode.c.h; path = HLSZeroingWeakRef.h; sourceTree = "<group>"; };
		04792C2C171E3FC80011FCB8 /* HLSZeroingWeakRef.m */ = {isa = PBXFileReference; fileEncoding = 4; lastKnownFileType = sourcecode.c.objc; path = HLSZeroingWeakRef.m; sourceTree = "<group>"; };
		04792C2D171E3FC80011FCB8 /* NSArray+HLSExtensions.h */ = {isa = PBXFileReference; fileEncoding = 4; lastKnownFileType = sourcecode.c.h; path = "NSArray+HLSExtensions.h"; sourceTree = "<group>"; };
		04792C2E171E3FC80011FCB8 /* NSArray+HLSExtensions.m */ = {isa = PBXFileReference; fileEncoding = 4; lastKnownFileType = sourcecode.c.objc; path = "NSArray+HLSExtensions.m"; sourceTree = "<group>"; };
		04792C2F171E3FC80011FCB8 /* NSBundle+HLSDynamicLocalization.h */ = {isa = PBXFileReference; fileEncoding = 4; lastKnownFileType = sourcecode.c.h; path = "NSBundle+HLSDynamicLocalization.h"; sourceTree = "<group>"; };
		04792C30171E3FC80011FCB8 /* NSBundle+HLSDynamicLocalization.m */ = {isa = PBXFileReference; fileEncoding = 4; lastKnownFileType = sourcecode.c.objc; path = "NSBundle+HLSDynamicLocalization.m"; sourceTree = "<group>"; };
		04792C31171E3FC80011FCB8 /* NSBundle+HLSExtensions.h */ = {isa = PBXFileReference; fileEncoding = 4; lastKnownFileType = sourcecode.c.h; path = "NSBundle+HLSExtensions.h"; sourceTree = "<group>"; };
		04792C32171E3FC80011FCB8 /* NSBundle+HLSExtensions.m */ = {isa = PBXFileReference; fileEncoding = 4; lastKnownFileType = sourcecode.c.objc; path = "NSBundle+HLSExtensions.m"; sourceTree = "<group>"; };
		04792C33171E3FC80011FCB8 /* NSCalendar+HLSExtensions.h */ = {isa = PBXFileReference; fileEncoding = 4; lastKnownFileType = sourcecode.c.h; path = "NSCalendar+HLSExtensions.h"; sourceTree = "<group>"; };
		04792C34171E3FC80011FCB8 /* NSCalendar+HLSExtensions.m */ = {isa = PBXFileReference; fileEncoding = 4; lastKnownFileType = sourcecode.c.objc; path = "NSCalendar+HLSExtensions.m"; sourceTree = "<group>"; };
		04792C35171E3FC80011FCB8 /* NSData+HLSExtensions.h */ = {isa = PBXFileReference; fileEncoding = 4; lastKnownFileType = sourcecode.c.h; path = "NSData+HLSExtensions.h"; sourceTree = "<group>"; };
		04792C36171E3FC80011FCB8 /* NSData+HLSExtensions.m */ = {isa = PBXFileReference; fileEncoding = 4; lastKnownFileType = sourcecode.c.objc; path = "NSData+HLSExtensions.m"; sourceTree = "<group>"; };
		04792C37171E3FC80011FCB8 /* NSDate+HLSExtensions.h */ = {isa = PBXFileReference; fileEncoding = 4; lastKnownFileType = sourcecode.c.h; path = "NSDate+HLSExtensions.h"; sourceTree = "<group>"; };
		04792C38171E3FC80011FCB8 /* NSDate+HLSExtensions.m */ = {isa = PBXFileReference; fileEncoding = 4; lastKnownFileType = sourcecode.c.objc; path = "NSDate+HLSExtensions.m"; sourceTree = "<group>"; };
		04792C39171E3FC80011FCB8 /* NSDateFormatter+HLSExtensions.h */ = {isa = PBXFileReference; fileEncoding = 4; lastKnownFileType = sourcecode.c.h; path = "NSDateFormatter+HLSExtensions.h"; sourceTree = "<group>"; };
		04792C3A171E3FC80011FCB8 /* NSDateFormatter+HLSExtensions.m */ = {isa = PBXFileReference; fileEncoding = 4; lastKnownFileType = sourcecode.c.objc; path = "NSDateFormatter+HLSExtensions.m"; sourceTree = "<group>"; };
		04792C3B171E3FC80011FCB8 /* NSDictionary+HLSExtensions.h */ = {isa = PBXFileReference; fileEncoding = 4; lastKnownFileType = sourcecode.c.h; path = "NSDictionary+HLSExtensions.h"; sourceTree = "<group>"; };
		04792C3C171E3FC80011FCB8 /* NSDictionary+HLSExtensions.m */ = {isa = PBXFileReference; fileEncoding = 4; lastKnownFileType = sourcecode.c.objc; path = "NSDictionary+HLSExtensions.m"; sourceTree = "<group>"; };
		04792C3D171E3FC80011FCB8 /* NSError+HLSExtensions.h */ = {isa = PBXFileReference; fileEncoding = 4; lastKnownFileType = sourcecode.c.h; path = "NSError+HLSExtensions.h"; sourceTree = "<group>"; };
		04792C3E171E3FC80011FCB8 /* NSError+HLSExtensions.m */ = {isa = PBXFileReference; fileEncoding = 4; lastKnownFileType = sourcecode.c.objc; path = "NSError+HLSExtensions.m"; sourceTree = "<group>"; };
		04792C3F171E3FC80011FCB8 /* NSMutableArray+HLSExtensions.h */ = {isa = PBXFileReference; fileEncoding = 4; lastKnownFileType = sourcecode.c.h; path = "NSMutableArray+HLSExtensions.h"; sourceTree = "<group>"; };
		04792C40171E3FC80011FCB8 /* NSMutableArray+HLSExtensions.m */ = {isa = PBXFileReference; fileEncoding = 4; lastKnownFileType = sourcecode.c.objc; path = "NSMutableArray+HLSExtensions.m"; sourceTree = "<group>"; };
		04792C41171E3FC80011FCB8 /* NSObject+HLSExtensions.h */ = {isa = PBXFileReference; fileEncoding = 4; lastKnownFileType = sourcecode.c.h; path = "NSObject+HLSExtensions.h"; sourceTree = "<group>"; };
		04792C42171E3FC80011FCB8 /* NSObject+HLSExtensions.m */ = {isa = PBXFileReference; fileEncoding = 4; lastKnownFileType = sourcecode.c.objc; path = "NSObject+HLSExtensions.m"; sourceTree = "<group>"; };
		04792C43171E3FC80011FCB8 /* NSSet+HLSExtensions.h */ = {isa = PBXFileReference; fileEncoding = 4; lastKnownFileType = sourcecode.c.h; path = "NSSet+HLSExtensions.h"; sourceTree = "<group>"; };
		04792C44171E3FC80011FCB8 /* NSSet+HLSExtensions.m */ = {isa = PBXFileReference; fileEncoding = 4; lastKnownFileType = sourcecode.c.objc; path = "NSSet+HLSExtensions.m"; sourceTree = "<group>"; };
		04792C45171E3FC80011FCB8 /* NSString+HLSExtensions.h */ = {isa = PBXFileReference; fileEncoding = 4; lastKnownFileType = sourcecode.c.h; path = "NSString+HLSExtensions.h"; sourceTree = "<group>"; };
		04792C46171E3FC80011FCB8 /* NSString+HLSExtensions.m */ = {isa = PBXFileReference; fileEncoding = 4; lastKnownFileType = sourcecode.c.objc; path = "NSString+HLSExtensions.m"; sourceTree = "<group>"; };
		04792C47171E3FC80011FCB8 /* NSTimeZone+HLSExtensions.h */ = {isa = PBXFileReference; fileEncoding = 4; lastKnownFileType = sourcecode.c.h; path = "NSTimeZone+HLSExtensions.h"; sourceTree = "<group>"; };
		04792C48171E3FC80011FCB8 /* NSTimeZone+HLSExtensions.m */ = {isa = PBXFileReference; fileEncoding = 4; lastKnownFileType = sourcecode.c.objc; path = "NSTimeZone+HLSExtensions.m"; sourceTree = "<group>"; };
		04792C49171E3FC80011FCB8 /* NSURLRequest+HLSExtensions.h */ = {isa = PBXFileReference; fileEncoding = 4; lastKnownFileType = sourcecode.c.h; path = "NSURLRequest+HLSExtensions.h"; sourceTree = "<group>"; };
		04792C4A171E3FC80011FCB8 /* NSURLRequest+HLSExtensions.m */ = {isa = PBXFileReference; fileEncoding = 4; lastKnownFileType = sourcecode.c.objc; path = "NSURLRequest+HLSExtensions.m"; sourceTree = "<group>"; };
		04792C4B171E3FC80011FCB8 /* UIColor+HLSExtensions.h */ = {isa = PBXFileReference; fileEncoding = 4; lastKnownFileType = sourcecode.c.h; path = "UIColor+HLSExtensions.h"; sourceTree = "<group>"; };
		04792C4C171E3FC80011FCB8 /* UIColor+HLSExtensions.m */ = {isa = PBXFileReference; fileEncoding = 4; lastKnownFileType = sourcecode.c.objc; path = "UIColor+HLSExtensions.m"; sourceTree = "<group>"; };
		04792C4D171E3FC80011FCB8 /* UIControl+HLSExclusiveTouch.h */ = {isa = PBXFileReference; fileEncoding = 4; lastKnownFileType = sourcecode.c.h; path = "UIControl+HLSExclusiveTouch.h"; sourceTree = "<group>"; };
		04792C4E171E3FC80011FCB8 /* UIControl+HLSExclusiveTouch.m */ = {isa = PBXFileReference; fileEncoding = 4; lastKnownFileType = sourcecode.c.objc; path = "UIControl+HLSExclusiveTouch.m"; sourceTree = "<group>"; };
		04792C4F171E3FC80011FCB8 /* UIImage+HLSExtensions.h */ = {isa = PBXFileReference; fileEncoding = 4; lastKnownFileType = sourcecode.c.h; path = "UIImage+HLSExtensions.h"; sourceTree = "<group>"; };
		04792C50171E3FC80011FCB8 /* UIImage+HLSExtensions.m */ = {isa = PBXFileReference; fileEncoding = 4; lastKnownFileType = sourcecode.c.objc; path = "UIImage+HLSExtensions.m"; sourceTree = "<group>"; };
		04792C74171E40460011FCB8 /* QuartzCore.framework */ = {isa = PBXFileReference; lastKnownFileType = wrapper.framework; name = QuartzCore.framework; path = System/Library/Frameworks/QuartzCore.framework; sourceTree = SDKROOT; };
		0484594F1740951600652339 /* ImageIO.framework */ = {isa = PBXFileReference; lastKnownFileType = wrapper.framework; name = ImageIO.framework; path = System/Library/Frameworks/ImageIO.framework; sourceTree = SDKROOT; };
		04929114185ED77C00361472 /* Accelerate.framework */ = {isa = PBXFileReference; lastKnownFileType = wrapper.framework; name = Accelerate.framework; path = System/Library/Frameworks/Accelerate.framework; sourceTree = SDKROOT; };
/* End PBXFileReference section */

/* Begin PBXFrameworksBuildPhase section */
		0414E0841713A82A00B7A4C5 /* Frameworks */ = {
			isa = PBXFrameworksBuildPhase;
			buildActionMask = 2147483647;
			files = (
				04929115185ED77C00361472 /* Accelerate.framework in Frameworks */,
				048459501740951600652339 /* ImageIO.framework in Frameworks */,
				04792C75171E40460011FCB8 /* QuartzCore.framework in Frameworks */,
				0414E0FC1713BC6200B7A4C5 /* libicucore.dylib in Frameworks */,
				0414E08C1713A82A00B7A4C5 /* UIKit.framework in Frameworks */,
				0414E08E1713A82A00B7A4C5 /* Foundation.framework in Frameworks */,
				0414E0901713A82A00B7A4C5 /* CoreGraphics.framework in Frameworks */,
			);
			runOnlyForDeploymentPostprocessing = 0;
		};
/* End PBXFrameworksBuildPhase section */

/* Begin PBXGroup section */
		0414E07C1713A82A00B7A4C5 = {
			isa = PBXGroup;
			children = (
				045FE255171E36CC0036EFE2 /* CoconutKit */,
				0414E0B81713A9E100B7A4C5 /* ClassCategory */,
				0414E0911713A82A00B7A4C5 /* CategoryDemo */,
				0414E08A1713A82A00B7A4C5 /* Frameworks */,
				0414E0881713A82A00B7A4C5 /* Products */,
			);
			sourceTree = "<group>";
		};
		0414E0881713A82A00B7A4C5 /* Products */ = {
			isa = PBXGroup;
			children = (
				0414E0871713A82A00B7A4C5 /* CategoryDemo.app */,
			);
			name = Products;
			sourceTree = "<group>";
		};
		0414E08A1713A82A00B7A4C5 /* Frameworks */ = {
			isa = PBXGroup;
			children = (
				04929114185ED77C00361472 /* Accelerate.framework */,
				0484594F1740951600652339 /* ImageIO.framework */,
				04792C74171E40460011FCB8 /* QuartzCore.framework */,
				0414E08B1713A82A00B7A4C5 /* UIKit.framework */,
				0414E08D1713A82A00B7A4C5 /* Foundation.framework */,
				0414E08F1713A82A00B7A4C5 /* CoreGraphics.framework */,
			);
			name = Frameworks;
			sourceTree = "<group>";
		};
		0414E0911713A82A00B7A4C5 /* CategoryDemo */ = {
			isa = PBXGroup;
			children = (
				0414E09A1713A82A00B7A4C5 /* AppDelegate.h */,
				0414E09B1713A82A00B7A4C5 /* AppDelegate.m */,
				0414E0A31713A82B00B7A4C5 /* MainViewController.h */,
				0414E0A41713A82B00B7A4C5 /* MainViewController.m */,
				0414E0A61713A82B00B7A4C5 /* FlipsideViewController.h */,
				0414E0A71713A82B00B7A4C5 /* FlipsideViewController.m */,
				0414E0A91713A82B00B7A4C5 /* MainViewController.xib */,
				0414E0AC1713A82B00B7A4C5 /* FlipsideViewController.xib */,
				0414E0921713A82A00B7A4C5 /* Supporting Files */,
			);
			path = CategoryDemo;
			sourceTree = "<group>";
		};
		0414E0921713A82A00B7A4C5 /* Supporting Files */ = {
			isa = PBXGroup;
			children = (
				0414E0931713A82A00B7A4C5 /* CategoryDemo-Info.plist */,
				0414E0941713A82A00B7A4C5 /* InfoPlist.strings */,
				0414E0971713A82A00B7A4C5 /* main.m */,
				0414E0991713A82A00B7A4C5 /* CategoryDemo-Prefix.pch */,
				0414E09D1713A82B00B7A4C5 /* Default.png */,
				0414E09F1713A82B00B7A4C5 /* Default@2x.png */,
				0414E0A11713A82B00B7A4C5 /* Default-568h@2x.png */,
			);
			name = "Supporting Files";
			sourceTree = "<group>";
		};
		0414E0B81713A9E100B7A4C5 /* ClassCategory */ = {
			isa = PBXGroup;
			children = (
				0414E0E41713ADDC00B7A4C5 /* GTMBase64 */,
				0414E0E91713ADF800B7A4C5 /* NSStringHtml */,
				0414E0DE1713AB5500B7A4C5 /* ARCHelper.h */,
				042F296B17151E1100232870 /* CommonDef.h */,
				042F296C17151E1100232870 /* CommonDef.m */,
				0414E0B91713A9E100B7A4C5 /* NSData+Category.h */,
				0414E0BA1713A9E100B7A4C5 /* NSData+Category.m */,
				0414E0BB1713A9E100B7A4C5 /* NSDate+Category.h */,
				0414E0BC1713A9E100B7A4C5 /* NSDate+Category.m */,
				0414E0BD1713A9E100B7A4C5 /* NSDictionary+Category.h */,
				0414E0BE1713A9E100B7A4C5 /* NSDictionary+Category.m */,
				0414E0BF1713A9E100B7A4C5 /* NSObject+Category.h */,
				0414E0C01713A9E100B7A4C5 /* NSObject+Category.m */,
				0414E0C11713A9E100B7A4C5 /* NSString+Category.h */,
				0414E0C21713A9E100B7A4C5 /* NSString+Category.m */,
				0414E0C31713A9E100B7A4C5 /* NSURL+Category.h */,
				0414E0C41713A9E100B7A4C5 /* NSURL+Category.m */,
				0414E0C51713A9E100B7A4C5 /* UIColor+Category.h */,
				0414E0C61713A9E100B7A4C5 /* UIColor+Category.m */,
				0414E0C71713A9E100B7A4C5 /* UIImage+Category.h */,
				0414E0C81713A9E100B7A4C5 /* UIImage+Category.m */,
				0414E0C91713A9E100B7A4C5 /* UIImageView+Category.h */,
				0414E0CA1713A9E100B7A4C5 /* UIImageView+Category.m */,
				0414E0CB1713A9E100B7A4C5 /* UIView+InnerShadow.h */,
				0414E0CC1713A9E100B7A4C5 /* UIView+InnerShadow.m */,
				0414E0CD1713A9E100B7A4C5 /* UIView+Positioning.h */,
				0414E0CE1713A9E100B7A4C5 /* UIView+Positioning.m */,
				0414E0CF1713A9E100B7A4C5 /* UIView+Size.h */,
				0414E0D01713A9E100B7A4C5 /* UIView+Size.m */,
			);
			name = ClassCategory;
			path = ../ClassCategory;
			sourceTree = "<group>";
		};
		0414E0E41713ADDC00B7A4C5 /* GTMBase64 */ = {
			isa = PBXGroup;
			children = (
				0414E0E51713ADDC00B7A4C5 /* GTMBase64.h */,
				0414E0E61713ADDC00B7A4C5 /* GTMBase64.m */,
				0414E0E71713ADDC00B7A4C5 /* GTMDefines.h */,
			);
			path = GTMBase64;
			sourceTree = "<group>";
		};
		0414E0E91713ADF800B7A4C5 /* NSStringHtml */ = {
			isa = PBXGroup;
			children = (
				0414E0EA1713ADF800B7A4C5 /* NSString+Html.h */,
				0414E0EB1713ADF800B7A4C5 /* NSString+Html.m */,
				0414E0EC1713ADF800B7A4C5 /* RegexKitLite-4.0.pdf */,
				0414E0FB1713BC6200B7A4C5 /* libicucore.dylib */,
				0414E0ED1713ADF800B7A4C5 /* RegexKitLite.h */,
				0414E0EE1713ADF800B7A4C5 /* RegexKitLite.m */,
			);
			path = NSStringHtml;
			sourceTree = "<group>";
		};
		045FE255171E36CC0036EFE2 /* CoconutKit */ = {
			isa = PBXGroup;
			children = (
				045FE25C171E38080036EFE2 /* README.md */,
				04792C0A171E3FC70011FCB8 /* Core */,
				045FE2C7171E39180036EFE2 /* Logging */,
			);
			name = CoconutKit;
			sourceTree = "<group>";
		};
		045FE2C7171E39180036EFE2 /* Logging */ = {
			isa = PBXGroup;
			children = (
				045FE2C8171E39180036EFE2 /* HLSLogger.h */,
				045FE2C9171E39180036EFE2 /* HLSLogger.m */,
			);
			name = Logging;
			path = ../CoconutKit/Logging;
			sourceTree = "<group>";
		};
		04792C0A171E3FC70011FCB8 /* Core */ = {
			isa = PBXGroup;
			children = (
				04792C0B171E3FC70011FCB8 /* CALayer+HLSExtensions.h */,
				04792C0C171E3FC70011FCB8 /* CALayer+HLSExtensions.m */,
				04792C0D171E3FC70011FCB8 /* CAMediaTimingFunction+HLSExtensions.h */,
				04792C0E171E3FC70011FCB8 /* CAMediaTimingFunction+HLSExtensions.m */,
				04792C0F171E3FC70011FCB8 /* HLSApplicationPreloader.h */,
				04792C10171E3FC70011FCB8 /* HLSApplicationPreloader.m */,
				04792C11171E3FC70011FCB8 /* HLSAssert.h */,
				04792C12171E3FC70011FCB8 /* HLSAssert.m */,
				04792C13171E3FC70011FCB8 /* HLSConverters.h */,
				04792C14171E3FC70011FCB8 /* HLSConverters.m */,
				04792C15171E3FC70011FCB8 /* HLSError.h */,
				04792C16171E3FC70011FCB8 /* HLSError.m */,
				04792C17171E3FC70011FCB8 /* HLSFileManager.h */,
				04792C18171E3FC70011FCB8 /* HLSFileManager.m */,
				04792C19171E3FC70011FCB8 /* HLSFloat.h */,
				04792C1A171E3FC70011FCB8 /* HLSFloat.m */,
				04792C1B171E3FC70011FCB8 /* HLSKeyboardInformation.h */,
				04792C1C171E3FC70011FCB8 /* HLSKeyboardInformation.m */,
				04792C1D171E3FC70011FCB8 /* HLSNotifications.h */,
				04792C1E171E3FC70011FCB8 /* HLSNotifications.m */,
				04792C1F171E3FC70011FCB8 /* HLSOptionalFeatures.h */,
				04792C20171E3FC70011FCB8 /* HLSRuntime.h */,
				04792C21171E3FC70011FCB8 /* HLSRuntime.m */,
				04792C22171E3FC70011FCB8 /* HLSStandardFileManager.h */,
				04792C23171E3FC70011FCB8 /* HLSStandardFileManager.m */,
				04792C24171E3FC70011FCB8 /* HLSUserInterfaceLock.h */,
				04792C25171E3FC70011FCB8 /* HLSUserInterfaceLock.m */,
				04792C26171E3FC70011FCB8 /* HLSValidable.h */,
				04792C27171E3FC70011FCB8 /* HLSValidators.h */,
				04792C28171E3FC70011FCB8 /* HLSValidators.m */,
				04792C29171E3FC70011FCB8 /* HLSVector.h */,
				04792C2A171E3FC70011FCB8 /* HLSVector.m */,
				04792C2B171E3FC80011FCB8 /* HLSZeroingWeakRef.h */,
				04792C2C171E3FC80011FCB8 /* HLSZeroingWeakRef.m */,
				04792C2D171E3FC80011FCB8 /* NSArray+HLSExtensions.h */,
				04792C2E171E3FC80011FCB8 /* NSArray+HLSExtensions.m */,
				04792C2F171E3FC80011FCB8 /* NSBundle+HLSDynamicLocalization.h */,
				04792C30171E3FC80011FCB8 /* NSBundle+HLSDynamicLocalization.m */,
				04792C31171E3FC80011FCB8 /* NSBundle+HLSExtensions.h */,
				04792C32171E3FC80011FCB8 /* NSBundle+HLSExtensions.m */,
				04792C33171E3FC80011FCB8 /* NSCalendar+HLSExtensions.h */,
				04792C34171E3FC80011FCB8 /* NSCalendar+HLSExtensions.m */,
				04792C35171E3FC80011FCB8 /* NSData+HLSExtensions.h */,
				04792C36171E3FC80011FCB8 /* NSData+HLSExtensions.m */,
				04792C37171E3FC80011FCB8 /* NSDate+HLSExtensions.h */,
				04792C38171E3FC80011FCB8 /* NSDate+HLSExtensions.m */,
				04792C39171E3FC80011FCB8 /* NSDateFormatter+HLSExtensions.h */,
				04792C3A171E3FC80011FCB8 /* NSDateFormatter+HLSExtensions.m */,
				04792C3B171E3FC80011FCB8 /* NSDictionary+HLSExtensions.h */,
				04792C3C171E3FC80011FCB8 /* NSDictionary+HLSExtensions.m */,
				04792C3D171E3FC80011FCB8 /* NSError+HLSExtensions.h */,
				04792C3E171E3FC80011FCB8 /* NSError+HLSExtensions.m */,
				04792C3F171E3FC80011FCB8 /* NSMutableArray+HLSExtensions.h */,
				04792C40171E3FC80011FCB8 /* NSMutableArray+HLSExtensions.m */,
				04792C41171E3FC80011FCB8 /* NSObject+HLSExtensions.h */,
				04792C42171E3FC80011FCB8 /* NSObject+HLSExtensions.m */,
				04792C43171E3FC80011FCB8 /* NSSet+HLSExtensions.h */,
				04792C44171E3FC80011FCB8 /* NSSet+HLSExtensions.m */,
				04792C45171E3FC80011FCB8 /* NSString+HLSExtensions.h */,
				04792C46171E3FC80011FCB8 /* NSString+HLSExtensions.m */,
				04792C47171E3FC80011FCB8 /* NSTimeZone+HLSExtensions.h */,
				04792C48171E3FC80011FCB8 /* NSTimeZone+HLSExtensions.m */,
				04792C49171E3FC80011FCB8 /* NSURLRequest+HLSExtensions.h */,
				04792C4A171E3FC80011FCB8 /* NSURLRequest+HLSExtensions.m */,
				04792C4B171E3FC80011FCB8 /* UIColor+HLSExtensions.h */,
				04792C4C171E3FC80011FCB8 /* UIColor+HLSExtensions.m */,
				04792C4D171E3FC80011FCB8 /* UIControl+HLSExclusiveTouch.h */,
				04792C4E171E3FC80011FCB8 /* UIControl+HLSExclusiveTouch.m */,
				04792C4F171E3FC80011FCB8 /* UIImage+HLSExtensions.h */,
				04792C50171E3FC80011FCB8 /* UIImage+HLSExtensions.m */,
			);
			name = Core;
			path = ../CoconutKit/Core;
			sourceTree = "<group>";
		};
/* End PBXGroup section */

/* Begin PBXNativeTarget section */
		0414E0861713A82A00B7A4C5 /* CategoryDemo */ = {
			isa = PBXNativeTarget;
			buildConfigurationList = 0414E0B11713A82B00B7A4C5 /* Build configuration list for PBXNativeTarget "CategoryDemo" */;
			buildPhases = (
				0414E0831713A82A00B7A4C5 /* Sources */,
				0414E0841713A82A00B7A4C5 /* Frameworks */,
				0414E0851713A82A00B7A4C5 /* Resources */,
			);
			buildRules = (
			);
			dependencies = (
			);
			name = CategoryDemo;
			productName = CategoryDemo;
			productReference = 0414E0871713A82A00B7A4C5 /* CategoryDemo.app */;
			productType = "com.apple.product-type.application";
		};
/* End PBXNativeTarget section */

/* Begin PBXProject section */
		0414E07E1713A82A00B7A4C5 /* Project object */ = {
			isa = PBXProject;
			attributes = {
				LastUpgradeCheck = 0450;
				ORGANIZATIONNAME = DJ;
			};
			buildConfigurationList = 0414E0811713A82A00B7A4C5 /* Build configuration list for PBXProject "CategoryDemo" */;
			compatibilityVersion = "Xcode 3.2";
			developmentRegion = English;
			hasScannedForEncodings = 0;
			knownRegions = (
				en,
			);
			mainGroup = 0414E07C1713A82A00B7A4C5;
			productRefGroup = 0414E0881713A82A00B7A4C5 /* Products */;
			projectDirPath = "";
			projectRoot = "";
			targets = (
				0414E0861713A82A00B7A4C5 /* CategoryDemo */,
			);
		};
/* End PBXProject section */

/* Begin PBXResourcesBuildPhase section */
		0414E0851713A82A00B7A4C5 /* Resources */ = {
			isa = PBXResourcesBuildPhase;
			buildActionMask = 2147483647;
			files = (
				0414E0961713A82A00B7A4C5 /* InfoPlist.strings in Resources */,
				0414E09E1713A82B00B7A4C5 /* Default.png in Resources */,
				0414E0A01713A82B00B7A4C5 /* Default@2x.png in Resources */,
				0414E0A21713A82B00B7A4C5 /* Default-568h@2x.png in Resources */,
				0414E0AB1713A82B00B7A4C5 /* MainViewController.xib in Resources */,
				0414E0AE1713A82B00B7A4C5 /* FlipsideViewController.xib in Resources */,
			);
			runOnlyForDeploymentPostprocessing = 0;
		};
/* End PBXResourcesBuildPhase section */

/* Begin PBXSourcesBuildPhase section */
		0414E0831713A82A00B7A4C5 /* Sources */ = {
			isa = PBXSourcesBuildPhase;
			buildActionMask = 2147483647;
			files = (
				0414E0981713A82A00B7A4C5 /* main.m in Sources */,
				0414E09C1713A82A00B7A4C5 /* AppDelegate.m in Sources */,
				0414E0A51713A82B00B7A4C5 /* MainViewController.m in Sources */,
				0414E0A81713A82B00B7A4C5 /* FlipsideViewController.m in Sources */,
				0414E0D11713A9E100B7A4C5 /* NSData+Category.m in Sources */,
				0414E0D21713A9E100B7A4C5 /* NSDate+Category.m in Sources */,
				0414E0D31713A9E100B7A4C5 /* NSDictionary+Category.m in Sources */,
				0414E0D41713A9E100B7A4C5 /* NSObject+Category.m in Sources */,
				0414E0D51713A9E100B7A4C5 /* NSString+Category.m in Sources */,
				0414E0D61713A9E100B7A4C5 /* NSURL+Category.m in Sources */,
				0414E0D71713A9E100B7A4C5 /* UIColor+Category.m in Sources */,
				0414E0D81713A9E100B7A4C5 /* UIImage+Category.m in Sources */,
				0414E0D91713A9E100B7A4C5 /* UIImageView+Category.m in Sources */,
				0414E0DA1713A9E100B7A4C5 /* UIView+InnerShadow.m in Sources */,
				0414E0DB1713A9E100B7A4C5 /* UIView+Positioning.m in Sources */,
				0414E0DC1713A9E100B7A4C5 /* UIView+Size.m in Sources */,
				0414E0E81713ADDC00B7A4C5 /* GTMBase64.m in Sources */,
				0414E0EF1713ADF800B7A4C5 /* NSString+Html.m in Sources */,
				0414E0F11713ADF800B7A4C5 /* RegexKitLite.m in Sources */,
				042F296D17151E1100232870 /* CommonDef.m in Sources */,
				04792C51171E3FC80011FCB8 /* CALayer+HLSExtensions.m in Sources */,
				04792C52171E3FC80011FCB8 /* CAMediaTimingFunction+HLSExtensions.m in Sources */,
				04792C53171E3FC80011FCB8 /* HLSApplicationPreloader.m in Sources */,
				04792C54171E3FC80011FCB8 /* HLSAssert.m in Sources */,
				04792C55171E3FC80011FCB8 /* HLSConverters.m in Sources */,
				04792C56171E3FC80011FCB8 /* HLSError.m in Sources */,
				04792C57171E3FC80011FCB8 /* HLSFileManager.m in Sources */,
				04792C58171E3FC80011FCB8 /* HLSFloat.m in Sources */,
				04792C59171E3FC80011FCB8 /* HLSKeyboardInformation.m in Sources */,
				04792C5A171E3FC80011FCB8 /* HLSNotifications.m in Sources */,
				04792C5B171E3FC80011FCB8 /* HLSRuntime.m in Sources */,
				04792C5C171E3FC80011FCB8 /* HLSStandardFileManager.m in Sources */,
				04792C5D171E3FC80011FCB8 /* HLSUserInterfaceLock.m in Sources */,
				04792C5E171E3FC80011FCB8 /* HLSValidators.m in Sources */,
				04792C5F171E3FC80011FCB8 /* HLSVector.m in Sources */,
				04792C60171E3FC80011FCB8 /* HLSZeroingWeakRef.m in Sources */,
				04792C61171E3FC80011FCB8 /* NSArray+HLSExtensions.m in Sources */,
				04792C62171E3FC80011FCB8 /* NSBundle+HLSDynamicLocalization.m in Sources */,
				04792C63171E3FC80011FCB8 /* NSBundle+HLSExtensions.m in Sources */,
				04792C64171E3FC80011FCB8 /* NSCalendar+HLSExtensions.m in Sources */,
				04792C65171E3FC80011FCB8 /* NSData+HLSExtensions.m in Sources */,
				04792C66171E3FC80011FCB8 /* NSDate+HLSExtensions.m in Sources */,
				04792C67171E3FC80011FCB8 /* NSDateFormatter+HLSExtensions.m in Sources */,
				04792C68171E3FC80011FCB8 /* NSDictionary+HLSExtensions.m in Sources */,
				04792C69171E3FC80011FCB8 /* NSError+HLSExtensions.m in Sources */,
				04792C6A171E3FC80011FCB8 /* NSMutableArray+HLSExtensions.m in Sources */,
				04792C6B171E3FC80011FCB8 /* NSObject+HLSExtensions.m in Sources */,
				04792C6C171E3FC80011FCB8 /* NSSet+HLSExtensions.m in Sources */,
				04792C6D171E3FC80011FCB8 /* NSString+HLSExtensions.m in Sources */,
				04792C6E171E3FC80011FCB8 /* NSTimeZone+HLSExtensions.m in Sources */,
				04792C6F171E3FC80011FCB8 /* NSURLRequest+HLSExtensions.m in Sources */,
				04792C70171E3FC80011FCB8 /* UIColor+HLSExtensions.m in Sources */,
				04792C71171E3FC80011FCB8 /* UIControl+HLSExclusiveTouch.m in Sources */,
				04792C72171E3FC80011FCB8 /* UIImage+HLSExtensions.m in Sources */,
				04792C73171E3FD70011FCB8 /* HLSLogger.m in Sources */,
			);
			runOnlyForDeploymentPostprocessing = 0;
		};
/* End PBXSourcesBuildPhase section */

/* Begin PBXVariantGroup section */
		0414E0941713A82A00B7A4C5 /* InfoPlist.strings */ = {
			isa = PBXVariantGroup;
			children = (
				0414E0951713A82A00B7A4C5 /* en */,
			);
			name = InfoPlist.strings;
			sourceTree = "<group>";
		};
		0414E0A91713A82B00B7A4C5 /* MainViewController.xib */ = {
			isa = PBXVariantGroup;
			children = (
				0414E0AA1713A82B00B7A4C5 /* en */,
			);
			name = MainViewController.xib;
			sourceTree = "<group>";
		};
		0414E0AC1713A82B00B7A4C5 /* FlipsideViewController.xib */ = {
			isa = PBXVariantGroup;
			children = (
				0414E0AD1713A82B00B7A4C5 /* en */,
			);
			name = FlipsideViewController.xib;
			sourceTree = "<group>";
		};
/* End PBXVariantGroup section */

/* Begin XCBuildConfiguration section */
		0414E0AF1713A82B00B7A4C5 /* Debug */ = {
			isa = XCBuildConfiguration;
			buildSettings = {
				ALWAYS_SEARCH_USER_PATHS = NO;
				CLANG_CXX_LANGUAGE_STANDARD = "gnu++0x";
				CLANG_CXX_LIBRARY = "libc++";
				CLANG_ENABLE_OBJC_ARC = YES;
				CLANG_WARN_EMPTY_BODY = YES;
				CLANG_WARN__DUPLICATE_METHOD_MATCH = YES;
				"CODE_SIGN_IDENTITY[sdk=iphoneos*]" = "iPhone Developer";
				COPY_PHASE_STRIP = NO;
				GCC_C_LANGUAGE_STANDARD = gnu99;
				GCC_DYNAMIC_NO_PIC = NO;
				GCC_OPTIMIZATION_LEVEL = 0;
				GCC_PREPROCESSOR_DEFINITIONS = (
					"DEBUG=1",
					"$(inherited)",
				);
				GCC_SYMBOLS_PRIVATE_EXTERN = NO;
				GCC_WARN_ABOUT_RETURN_TYPE = YES;
				GCC_WARN_UNINITIALIZED_AUTOS = YES;
				GCC_WARN_UNUSED_VARIABLE = YES;
				IPHONEOS_DEPLOYMENT_TARGET = 6.0;
				ONLY_ACTIVE_ARCH = YES;
				SDKROOT = iphoneos;
			};
			name = Debug;
		};
		0414E0B01713A82B00B7A4C5 /* Release */ = {
			isa = XCBuildConfiguration;
			buildSettings = {
				ALWAYS_SEARCH_USER_PATHS = NO;
				CLANG_CXX_LANGUAGE_STANDARD = "gnu++0x";
				CLANG_CXX_LIBRARY = "libc++";
				CLANG_ENABLE_OBJC_ARC = YES;
				CLANG_WARN_EMPTY_BODY = YES;
				CLANG_WARN__DUPLICATE_METHOD_MATCH = YES;
				"CODE_SIGN_IDENTITY[sdk=iphoneos*]" = "iPhone Developer";
				COPY_PHASE_STRIP = YES;
				GCC_C_LANGUAGE_STANDARD = gnu99;
				GCC_WARN_ABOUT_RETURN_TYPE = YES;
				GCC_WARN_UNINITIALIZED_AUTOS = YES;
				GCC_WARN_UNUSED_VARIABLE = YES;
				IPHONEOS_DEPLOYMENT_TARGET = 6.0;
				OTHER_CFLAGS = "-DNS_BLOCK_ASSERTIONS=1";
				SDKROOT = iphoneos;
				VALIDATE_PRODUCT = YES;
			};
			name = Release;
		};
		0414E0B21713A82B00B7A4C5 /* Debug */ = {
			isa = XCBuildConfiguration;
			buildSettings = {
				GCC_PRECOMPILE_PREFIX_HEADER = YES;
				GCC_PREFIX_HEADER = "CategoryDemo/CategoryDemo-Prefix.pch";
				INFOPLIST_FILE = "CategoryDemo/CategoryDemo-Info.plist";
				IPHONEOS_DEPLOYMENT_TARGET = 6.0;
				PRODUCT_NAME = "$(TARGET_NAME)";
				WRAPPER_EXTENSION = app;
			};
			name = Debug;
		};
		0414E0B31713A82B00B7A4C5 /* Release */ = {
			isa = XCBuildConfiguration;
			buildSettings = {
				GCC_PRECOMPILE_PREFIX_HEADER = YES;
				GCC_PREFIX_HEADER = "CategoryDemo/CategoryDemo-Prefix.pch";
				INFOPLIST_FILE = "CategoryDemo/CategoryDemo-Info.plist";
				IPHONEOS_DEPLOYMENT_TARGET = 6.0;
				PRODUCT_NAME = "$(TARGET_NAME)";
				WRAPPER_EXTENSION = app;
			};
			name = Release;
		};
/* End XCBuildConfiguration section */

/* Begin XCConfigurationList section */
		0414E0811713A82A00B7A4C5 /* Build configuration list for PBXProject "CategoryDemo" */ = {
			isa = XCConfigurationList;
			buildConfigurations = (
				0414E0AF1713A82B00B7A4C5 /* Debug */,
				0414E0B01713A82B00B7A4C5 /* Release */,
			);
			defaultConfigurationIsVisible = 0;
			defaultConfigurationName = Release;
		};
		0414E0B11713A82B00B7A4C5 /* Build configuration list for PBXNativeTarget "CategoryDemo" */ = {
			isa = XCConfigurationList;
			buildConfigurations = (
				0414E0B21713A82B00B7A4C5 /* Debug */,
				0414E0B31713A82B00B7A4C5 /* Release */,
			);
			defaultConfigurationIsVisible = 0;
			defaultConfigurationName = Release;
		};
/* End XCConfigurationList section */
	};
	rootObject = 0414E07E1713A82A00B7A4C5 /* Project object */;
}
